
Microsoft Visual Studio Solution File, Format Version 12.00
# Visual Studio 15
VisualStudioVersion = 15.0.27004.2009
MinimumVisualStudioVersion = 10.0.40219.1
Project("{FAE04EC0-301F-11D3-BF4B-00C04F79EFBC}") = "GitMonitor.DataModel", "GitMonitor.DataModel\GitMonitor.DataModel.csproj", "{E215F055-CAB6-4BFE-B152-92F397A021D3}"
EndProject
Project("{FAE04EC0-301F-11D3-BF4B-00C04F79EFBC}") = "GitMonitor.DomainModel", "GitMonitor.DomainModel\GitMonitor.DomainModel.csproj", "{07DE5CFE-104F-4056-B9AE-8497CD5B2767}"
EndProject
Project("{FAE04EC0-301F-11D3-BF4B-00C04F79EFBC}") = "GitMonitor.Service", "GitMonitor.Service\GitMonitor.Service.csproj", "{12B1C0BB-42B5-4C5B-A7F3-8AE3809E950E}"
EndProject
Project("{FAE04EC0-301F-11D3-BF4B-00C04F79EFBC}") = "GitMonitor.Service.ConsoleApp", "GitMonitor.Service.ConsoleApp\GitMonitor.Service.ConsoleApp.csproj", "{5C76123F-0A28-4657-A2D4-049662709842}"
EndProject
Project("{FAE04EC0-301F-11D3-BF4B-00C04F79EFBC}") = "GitMonitor.Repository", "GitMonitor.Repository\GitMonitor.Repository.csproj", "{558FD285-4545-40F4-9404-8570F5DE8DE1}"
EndProject
Project("{FAE04EC0-301F-11D3-BF4B-00C04F79EFBC}") = "GitMonitor.UWP", "GitMonitor.UWP\GitMonitor.UWP.csproj", "{6E9269A0-290F-48D2-8487-026C05531FF9}"
EndProject
Global
	GlobalSection(SolutionConfigurationPlatforms) = preSolution
		Debug|Any CPU = Debug|Any CPU
		Debug|ARM = Debug|ARM
		Debug|x64 = Debug|x64
		Debug|x86 = Debug|x86
		Release|Any CPU = Release|Any CPU
		Release|ARM = Release|ARM
		Release|x64 = Release|x64
		Release|x86 = Release|x86
	EndGlobalSection
	GlobalSection(ProjectConfigurationPlatforms) = postSolution
		{E215F055-CAB6-4BFE-B152-92F397A021D3}.Debug|Any CPU.ActiveCfg = Debug|Any CPU
		{E215F055-CAB6-4BFE-B152-92F397A021D3}.Debug|Any CPU.Build.0 = Debug|Any CPU
		{E215F055-CAB6-4BFE-B152-92F397A021D3}.Debug|ARM.ActiveCfg = Debug|Any CPU
		{E215F055-CAB6-4BFE-B152-92F397A021D3}.Debug|ARM.Build.0 = Debug|Any CPU
		{E215F055-CAB6-4BFE-B152-92F397A021D3}.Debug|x64.ActiveCfg = Debug|Any CPU
		{E215F055-CAB6-4BFE-B152-92F397A021D3}.Debug|x64.Build.0 = Debug|Any CPU
		{E215F055-CAB6-4BFE-B152-92F397A021D3}.Debug|x86.ActiveCfg = Debug|Any CPU
		{E215F055-CAB6-4BFE-B152-92F397A021D3}.Debug|x86.Build.0 = Debug|Any CPU
		{E215F055-CAB6-4BFE-B152-92F397A021D3}.Release|Any CPU.ActiveCfg = Release|Any CPU
		{E215F055-CAB6-4BFE-B152-92F397A021D3}.Release|Any CPU.Build.0 = Release|Any CPU
		{E215F055-CAB6-4BFE-B152-92F397A021D3}.Release|ARM.ActiveCfg = Release|Any CPU
		{E215F055-CAB6-4BFE-B152-92F397A021D3}.Release|ARM.Build.0 = Release|Any CPU
		{E215F055-CAB6-4BFE-B152-92F397A021D3}.Release|x64.ActiveCfg = Release|Any CPU
		{E215F055-CAB6-4BFE-B152-92F397A021D3}.Release|x64.Build.0 = Release|Any CPU
		{E215F055-CAB6-4BFE-B152-92F397A021D3}.Release|x86.ActiveCfg = Release|Any CPU
		{E215F055-CAB6-4BFE-B152-92F397A021D3}.Release|x86.Build.0 = Release|Any CPU
		{07DE5CFE-104F-4056-B9AE-8497CD5B2767}.Debug|Any CPU.ActiveCfg = Debug|Any CPU
		{07DE5CFE-104F-4056-B9AE-8497CD5B2767}.Debug|Any CPU.Build.0 = Debug|Any CPU
		{07DE5CFE-104F-4056-B9AE-8497CD5B2767}.Debug|ARM.ActiveCfg = Debug|Any CPU
		{07DE5CFE-104F-4056-B9AE-8497CD5B2767}.Debug|ARM.Build.0 = Debug|Any CPU
		{07DE5CFE-104F-4056-B9AE-8497CD5B2767}.Debug|x64.ActiveCfg = Debug|Any CPU
		{07DE5CFE-104F-4056-B9AE-8497CD5B2767}.Debug|x64.Build.0 = Debug|Any CPU
		{07DE5CFE-104F-4056-B9AE-8497CD5B2767}.Debug|x86.ActiveCfg = Debug|Any CPU
		{07DE5CFE-104F-4056-B9AE-8497CD5B2767}.Debug|x86.Build.0 = Debug|Any CPU
		{07DE5CFE-104F-4056-B9AE-8497CD5B2767}.Release|Any CPU.ActiveCfg = Release|Any CPU
		{07DE5CFE-104F-4056-B9AE-8497CD5B2767}.Release|Any CPU.Build.0 = Release|Any CPU
		{07DE5CFE-104F-4056-B9AE-8497CD5B2767}.Release|ARM.ActiveCfg = Release|Any CPU
		{07DE5CFE-104F-4056-B9AE-8497CD5B2767}.Release|ARM.Build.0 = Release|Any CPU
		{07DE5CFE-104F-4056-B9AE-8497CD5B2767}.Release|x64.ActiveCfg = Release|Any CPU
		{07DE5CFE-104F-4056-B9AE-8497CD5B2767}.Release|x64.Build.0 = Release|Any CPU
		{07DE5CFE-104F-4056-B9AE-8497CD5B2767}.Release|x86.ActiveCfg = Release|Any CPU
		{07DE5CFE-104F-4056-B9AE-8497CD5B2767}.Release|x86.Build.0 = Release|Any CPU
		{12B1C0BB-42B5-4C5B-A7F3-8AE3809E950E}.Debug|Any CPU.ActiveCfg = Debug|Any CPU
		{12B1C0BB-42B5-4C5B-A7F3-8AE3809E950E}.Debug|Any CPU.Build.0 = Debug|Any CPU
		{12B1C0BB-42B5-4C5B-A7F3-8AE3809E950E}.Debug|ARM.ActiveCfg = Debug|Any CPU
		{12B1C0BB-42B5-4C5B-A7F3-8AE3809E950E}.Debug|ARM.Build.0 = Debug|Any CPU
		{12B1C0BB-42B5-4C5B-A7F3-8AE3809E950E}.Debug|x64.ActiveCfg = Debug|Any CPU
		{12B1C0BB-42B5-4C5B-A7F3-8AE3809E950E}.Debug|x64.Build.0 = Debug|Any CPU
		{12B1C0BB-42B5-4C5B-A7F3-8AE3809E950E}.Debug|x86.ActiveCfg = Debug|Any CPU
		{12B1C0BB-42B5-4C5B-A7F3-8AE3809E950E}.Debug|x86.Build.0 = Debug|Any CPU
		{12B1C0BB-42B5-4C5B-A7F3-8AE3809E950E}.Release|Any CPU.ActiveCfg = Release|Any CPU
		{12B1C0BB-42B5-4C5B-A7F3-8AE3809E950E}.Release|Any CPU.Build.0 = Release|Any CPU
		{12B1C0BB-42B5-4C5B-A7F3-8AE3809E950E}.Release|ARM.ActiveCfg = Release|Any CPU
		{12B1C0BB-42B5-4C5B-A7F3-8AE3809E950E}.Release|ARM.Build.0 = Release|Any CPU
		{12B1C0BB-42B5-4C5B-A7F3-8AE3809E950E}.Release|x64.ActiveCfg = Release|Any CPU
		{12B1C0BB-42B5-4C5B-A7F3-8AE3809E950E}.Release|x64.Build.0 = Release|Any CPU
		{12B1C0BB-42B5-4C5B-A7F3-8AE3809E950E}.Release|x86.ActiveCfg = Release|Any CPU
		{12B1C0BB-42B5-4C5B-A7F3-8AE3809E950E}.Release|x86.Build.0 = Release|Any CPU
		{5C76123F-0A28-4657-A2D4-049662709842}.Debug|Any CPU.ActiveCfg = Debug|Any CPU
		{5C76123F-0A28-4657-A2D4-049662709842}.Debug|Any CPU.Build.0 = Debug|Any CPU
		{5C76123F-0A28-4657-A2D4-049662709842}.Debug|ARM.ActiveCfg = Debug|Any CPU
		{5C76123F-0A28-4657-A2D4-049662709842}.Debug|ARM.Build.0 = Debug|Any CPU
		{5C76123F-0A28-4657-A2D4-049662709842}.Debug|x64.ActiveCfg = Debug|Any CPU
		{5C76123F-0A28-4657-A2D4-049662709842}.Debug|x64.Build.0 = Debug|Any CPU
		{5C76123F-0A28-4657-A2D4-049662709842}.Debug|x86.ActiveCfg = Debug|Any CPU
		{5C76123F-0A28-4657-A2D4-049662709842}.Debug|x86.Build.0 = Debug|Any CPU
		{5C76123F-0A28-4657-A2D4-049662709842}.Release|Any CPU.ActiveCfg = Release|Any CPU
		{5C76123F-0A28-4657-A2D4-049662709842}.Release|Any CPU.Build.0 = Release|Any CPU
		{5C76123F-0A28-4657-A2D4-049662709842}.Release|ARM.ActiveCfg = Release|Any CPU
		{5C76123F-0A28-4657-A2D4-049662709842}.Release|ARM.Build.0 = Release|Any CPU
		{5C76123F-0A28-4657-A2D4-049662709842}.Release|x64.ActiveCfg = Release|Any CPU
		{5C76123F-0A28-4657-A2D4-049662709842}.Release|x64.Build.0 = Release|Any CPU
		{5C76123F-0A28-4657-A2D4-049662709842}.Release|x86.ActiveCfg = Release|Any CPU
		{5C76123F-0A28-4657-A2D4-049662709842}.Release|x86.Build.0 = Release|Any CPU
		{558FD285-4545-40F4-9404-8570F5DE8DE1}.Debug|Any CPU.ActiveCfg = Debug|Any CPU
		{558FD285-4545-40F4-9404-8570F5DE8DE1}.Debug|Any CPU.Build.0 = Debug|Any CPU
		{558FD285-4545-40F4-9404-8570F5DE8DE1}.Debug|ARM.ActiveCfg = Debug|Any CPU
		{558FD285-4545-40F4-9404-8570F5DE8DE1}.Debug|ARM.Build.0 = Debug|Any CPU
		{558FD285-4545-40F4-9404-8570F5DE8DE1}.Debug|x64.ActiveCfg = Debug|Any CPU
		{558FD285-4545-40F4-9404-8570F5DE8DE1}.Debug|x64.Build.0 = Debug|Any CPU
		{558FD285-4545-40F4-9404-8570F5DE8DE1}.Debug|x86.ActiveCfg = Debug|Any CPU
		{558FD285-4545-40F4-9404-8570F5DE8DE1}.Debug|x86.Build.0 = Debug|Any CPU
		{558FD285-4545-40F4-9404-8570F5DE8DE1}.Release|Any CPU.ActiveCfg = Release|Any CPU
		{558FD285-4545-40F4-9404-8570F5DE8DE1}.Release|Any CPU.Build.0 = Release|Any CPU
		{558FD285-4545-40F4-9404-8570F5DE8DE1}.Release|ARM.ActiveCfg = Release|Any CPU
		{558FD285-4545-40F4-9404-8570F5DE8DE1}.Release|ARM.Build.0 = Release|Any CPU
		{558FD285-4545-40F4-9404-8570F5DE8DE1}.Release|x64.ActiveCfg = Release|Any CPU
		{558FD285-4545-40F4-9404-8570F5DE8DE1}.Release|x64.Build.0 = Release|Any CPU
		{558FD285-4545-40F4-9404-8570F5DE8DE1}.Release|x86.ActiveCfg = Release|Any CPU
		{558FD285-4545-40F4-9404-8570F5DE8DE1}.Release|x86.Build.0 = Release|Any CPU
		{6E9269A0-290F-48D2-8487-026C05531FF9}.Debug|Any CPU.ActiveCfg = Debug|x86
		{6E9269A0-290F-48D2-8487-026C05531FF9}.Debug|Any CPU.Build.0 = Debug|x86
		{6E9269A0-290F-48D2-8487-026C05531FF9}.Debug|Any CPU.Deploy.0 = Debug|x86
		{6E9269A0-290F-48D2-8487-026C05531FF9}.Debug|ARM.ActiveCfg = Debug|ARM
		{6E9269A0-290F-48D2-8487-026C05531FF9}.Debug|ARM.Build.0 = Debug|ARM
		{6E9269A0-290F-48D2-8487-026C05531FF9}.Debug|ARM.Deploy.0 = Debug|ARM
		{6E9269A0-290F-48D2-8487-026C05531FF9}.Debug|x64.ActiveCfg = Debug|x64
		{6E9269A0-290F-48D2-8487-026C05531FF9}.Debug|x64.Build.0 = Debug|x64
		{6E9269A0-290F-48D2-8487-026C05531FF9}.Debug|x64.Deploy.0 = Debug|x64
		{6E9269A0-290F-48D2-8487-026C05531FF9}.Debug|x86.ActiveCfg = Debug|x86
		{6E9269A0-290F-48D2-8487-026C05531FF9}.Debug|x86.Build.0 = Debug|x86
		{6E9269A0-290F-48D2-8487-026C05531FF9}.Debug|x86.Deploy.0 = Debug|x86
		{6E9269A0-290F-48D2-8487-026C05531FF9}.Release|Any CPU.ActiveCfg = Release|x86
		{6E9269A0-290F-48D2-8487-026C05531FF9}.Release|ARM.ActiveCfg = Release|ARM
		{6E9269A0-290F-48D2-8487-026C05531FF9}.Release|ARM.Build.0 = Release|ARM
		{6E9269A0-290F-48D2-8487-026C05531FF9}.Release|ARM.Deploy.0 = Release|ARM
		{6E9269A0-290F-48D2-8487-026C05531FF9}.Release|x64.ActiveCfg = Release|x64
		{6E9269A0-290F-48D2-8487-026C05531FF9}.Release|x64.Build.0 = Release|x64
		{6E9269A0-290F-48D2-8487-026C05531FF9}.Release|x64.Deploy.0 = Release|x64
		{6E9269A0-290F-48D2-8487-026C05531FF9}.Release|x86.ActiveCfg = Release|x86
		{6E9269A0-290F-48D2-8487-026C05531FF9}.Release|x86.Build.0 = Release|x86
		{6E9269A0-290F-48D2-8487-026C05531FF9}.Release|x86.Deploy.0 = Release|x86
	EndGlobalSection
	GlobalSection(SolutionProperties) = preSolution
		HideSolutionNode = FALSE
	EndGlobalSection
	GlobalSection(ExtensibilityGlobals) = postSolution
		SolutionGuid = {D4C229F3-E46F-484C-A581-32B232E40612}
	EndGlobalSection
EndGlobal
